PODS:
  - CocoaAsyncSocket (7.6.5)
  - Flutter (1.0.0)
  - integration_test (0.0.1):
    - Flutter
  - MacFinder (1.2.0)
  - permission_handler_apple (9.3.0):
    - Flutter
  - ReachabilitySwift (5.0.0)
  - wifi_detection (0.0.1):
    - CocoaAsyncSocket
    - Flutter
    - MacFinder
    - ReachabilitySwift

DEPENDENCIES:
  - Flutter (from `Flutter`)
  - integration_test (from `.symlinks/plugins/integration_test/ios`)
  - permission_handler_apple (from `.symlinks/plugins/permission_handler_apple/ios`)
  - wifi_detection (from `.symlinks/plugins/wifi_detection/ios`)

SPEC REPOS:
  trunk:
    - CocoaAsyncSocket
    - MacFinder
    - ReachabilitySwift

EXTERNAL SOURCES:
  Flutter:
    :path: Flutter
  integration_test:
    :path: ".symlinks/plugins/integration_test/ios"
  permission_handler_apple:
    :path: ".symlinks/plugins/permission_handler_apple/ios"
  wifi_detection:
    :path: ".symlinks/plugins/wifi_detection/ios"

SPEC CHECKSUMS:
  CocoaAsyncSocket: 065fd1e645c7abab64f7a6a2007a48038fdc6a99
  Flutter: e0871f40cf51350855a761d2e70bf5af5b9b5de7
  integration_test: 13825b8a9334a850581300559b8839134b124670
  MacFinder: 2bd98a9633f6b25c03b0b2dce14cd7d3bfffde64
  permission_handler_apple: 036b856153a2b1f61f21030ff725f3e6fece2b78
  ReachabilitySwift: 985039c6f7b23a1da463388634119492ff86c825
  wifi_detection: 63bf7b2c93dcc4de52a61877766ef36dc78d8d0c

PODFILE CHECKSUM: bae2615e92da2a48bc34aaa862eb8d2b10bf43c5

COCOAPODS: 1.15.2
